
Microsoft Visual Studio Solution File, Format Version 12.00
# Visual Studio Version 16
VisualStudioVersion = 16.0.31702.278
MinimumVisualStudioVersion = 10.0.40219.1
Project("{FAE04EC0-301F-11D3-BF4B-00C04F79EFBC}") = "HelloWorld", "HelloWorld\HelloWorld.csproj", "{1132737C-3253-4A42-9B18-352A6CE55B63}"
EndProject
Global
	GlobalSection(SolutionConfigurationPlatforms) = preSolution
		Debug|Any CPU = Debug|Any CPU
		Release|Any CPU = Release|Any CPU
	EndGlobalSection
	GlobalSection(ProjectConfigurationPlatforms) = postSolution
		{1132737C-3253-4A42-9B18-352A6CE55B63}.Debug|Any CPU.ActiveCfg = Debug|Any CPU
		{1132737C-3253-4A42-9B18-352A6CE55B63}.Debug|Any CPU.Build.0 = Debug|Any CPU
		{1132737C-3253-4A42-9B18-352A6CE55B63}.Release|Any CPU.ActiveCfg = Release|Any CPU
		{1132737C-3253-4A42-9B18-352A6CE55B63}.Release|Any CPU.Build.0 = Release|Any CPU
	EndGlobalSection
	GlobalSection(SolutionProperties) = preSolution
		HideSolutionNode = FALSE
	EndGlobalSection
	GlobalSection(ExtensibilityGlobals) = postSolution
		SolutionGuid = {18D14246-0926-48A5-8AEF-E8EFED463EEA}
	EndGlobalSection
EndGlobal
